
Microsoft Visual Studio Solution File, Format Version 12.00
# Visual Studio Version 17
VisualStudioVersion = 17.11.35327.3
MinimumVisualStudioVersion = 10.0.40219.1
Project("{FAE04EC0-301F-11D3-BF4B-00C04F79EFBC}") = "JT_Server", "JT_Server\JT_Server.csproj", "{46C4DA2D-D865-462B-8CBF-5A0C88B97698}"
EndProject
Global
	GlobalSection(SolutionConfigurationPlatforms) = preSolution
		Debug|Any CPU = Debug|Any CPU
		Release|Any CPU = Release|Any CPU
	EndGlobalSection
	GlobalSection(ProjectConfigurationPlatforms) = postSolution
		{46C4DA2D-D865-462B-8CBF-5A0C88B97698}.Debug|Any CPU.ActiveCfg = Debug|Any CPU
		{46C4DA2D-D865-462B-8CBF-5A0C88B97698}.Debug|Any CPU.Build.0 = Debug|Any CPU
		{46C4DA2D-D865-462B-8CBF-5A0C88B97698}.Release|Any CPU.ActiveCfg = Release|Any CPU
		{46C4DA2D-D865-462B-8CBF-5A0C88B97698}.Release|Any CPU.Build.0 = Release|Any CPU
	EndGlobalSection
	GlobalSection(SolutionProperties) = preSolution
		HideSolutionNode = FALSE
	EndGlobalSection
	GlobalSection(ExtensibilityGlobals) = postSolution
		SolutionGuid = {FDBD44E5-6E28-4AD7-9F17-AB23FAC51A76}
	EndGlobalSection
EndGlobal
